<?xml version="1.0" encoding="utf-8"?>
<Project ToolsVersion="4.0" xmlns="http://schemas.microsoft.com/developer/msbuild/2003">
  <ItemGroup>
    <None Include="packages.config" />
  </ItemGroup>
  <ItemGroup>
    <Filter Include="Examples">
      <UniqueIdentifier>{656dccb1-9b00-43dc-9620-53f0f832e01a}</UniqueIdentifier>
    </Filter>
  </ItemGroup>
  <ItemGroup>
    <ClCompile Include="src\main.cpp" />
    <ClCompile Include="src\SomeMath.cpp" />
    <ClCompile Include="src\Example7.cpp">
      <Filter>Examples</Filter>
    </ClCompile>
    <ClCompile Include="src\Example6.cpp">
      <Filter>Examples</Filter>
    </ClCompile>
    <ClCompile Include="src\Example4.cpp">
      <Filter>Examples</Filter>
    </ClCompile>
    <ClCompile Include="src\Example3.cpp">
      <Filter>Examples</Filter>
    </ClCompile>
    <ClCompile Include="src\Example1.cpp">
      <Filter>Examples</Filter>
    </ClCompile>
  </ItemGroup>
  <ItemGroup>
    <ClInclude Include="include\SomeMath.h" />
  </ItemGroup>
</Project>